
Microsoft Visual Studio Solution File, Format Version 12.00
# Visual Studio 2012
Project("{FAE04EC0-301F-11D3-BF4B-00C04F79EFBC}") = "MobileUtripPro.Android", "MobileUtripPro.Android\MobileUtripPro.Android.csproj", "{48C2E26D-1FD9-41EF-8FB8-AEAFC7B6E8F6}"
EndProject
Project("{FAE04EC0-301F-11D3-BF4B-00C04F79EFBC}") = "MobileUtripPro.iOS", "MobileUtripPro.iOS\MobileUtripPro.iOS.csproj", "{D706EEFE-6F8B-4B3C-AD92-B14305EF6AAA}"
EndProject
Project("{FAE04EC0-301F-11D3-BF4B-00C04F79EFBC}") = "MobileUtripPro", "MobileUtripPro\MobileUtripPro.csproj", "{FD6C9532-0F3A-4C52-9E08-CD10A8D948F1}"
EndProject
Global
	GlobalSection(SolutionConfigurationPlatforms) = preSolution
		Debug|Any CPU = Debug|Any CPU
		Release|Any CPU = Release|Any CPU
		Debug|iPhoneSimulator = Debug|iPhoneSimulator
		Release|iPhoneSimulator = Release|iPhoneSimulator
		Debug|iPhone = Debug|iPhone
		Release|iPhone = Release|iPhone
	EndGlobalSection
	GlobalSection(ProjectConfigurationPlatforms) = postSolution
		{48C2E26D-1FD9-41EF-8FB8-AEAFC7B6E8F6}.Debug|Any CPU.ActiveCfg = Debug|Any CPU
		{48C2E26D-1FD9-41EF-8FB8-AEAFC7B6E8F6}.Debug|Any CPU.Build.0 = Debug|Any CPU
		{48C2E26D-1FD9-41EF-8FB8-AEAFC7B6E8F6}.Release|Any CPU.ActiveCfg = Release|Any CPU
		{48C2E26D-1FD9-41EF-8FB8-AEAFC7B6E8F6}.Release|Any CPU.Build.0 = Release|Any CPU
		{48C2E26D-1FD9-41EF-8FB8-AEAFC7B6E8F6}.Debug|iPhoneSimulator.ActiveCfg = Debug|Any CPU
		{48C2E26D-1FD9-41EF-8FB8-AEAFC7B6E8F6}.Debug|iPhoneSimulator.Build.0 = Debug|Any CPU
		{48C2E26D-1FD9-41EF-8FB8-AEAFC7B6E8F6}.Release|iPhoneSimulator.ActiveCfg = Release|Any CPU
		{48C2E26D-1FD9-41EF-8FB8-AEAFC7B6E8F6}.Release|iPhoneSimulator.Build.0 = Release|Any CPU
		{48C2E26D-1FD9-41EF-8FB8-AEAFC7B6E8F6}.Debug|iPhone.ActiveCfg = Debug|Any CPU
		{48C2E26D-1FD9-41EF-8FB8-AEAFC7B6E8F6}.Debug|iPhone.Build.0 = Debug|Any CPU
		{48C2E26D-1FD9-41EF-8FB8-AEAFC7B6E8F6}.Release|iPhone.ActiveCfg = Release|Any CPU
		{48C2E26D-1FD9-41EF-8FB8-AEAFC7B6E8F6}.Release|iPhone.Build.0 = Release|Any CPU
		{D706EEFE-6F8B-4B3C-AD92-B14305EF6AAA}.Debug|Any CPU.ActiveCfg = Debug|iPhoneSimulator
		{D706EEFE-6F8B-4B3C-AD92-B14305EF6AAA}.Debug|Any CPU.Build.0 = Debug|iPhoneSimulator
		{D706EEFE-6F8B-4B3C-AD92-B14305EF6AAA}.Release|Any CPU.ActiveCfg = Release|iPhoneSimulator
		{D706EEFE-6F8B-4B3C-AD92-B14305EF6AAA}.Release|Any CPU.Build.0 = Release|iPhoneSimulator
		{D706EEFE-6F8B-4B3C-AD92-B14305EF6AAA}.Debug|iPhoneSimulator.ActiveCfg = Debug|iPhoneSimulator
		{D706EEFE-6F8B-4B3C-AD92-B14305EF6AAA}.Debug|iPhoneSimulator.Build.0 = Debug|iPhoneSimulator
		{D706EEFE-6F8B-4B3C-AD92-B14305EF6AAA}.Release|iPhoneSimulator.ActiveCfg = Release|iPhoneSimulator
		{D706EEFE-6F8B-4B3C-AD92-B14305EF6AAA}.Release|iPhoneSimulator.Build.0 = Release|iPhoneSimulator
		{D706EEFE-6F8B-4B3C-AD92-B14305EF6AAA}.Debug|iPhone.ActiveCfg = Debug|iPhone
		{D706EEFE-6F8B-4B3C-AD92-B14305EF6AAA}.Debug|iPhone.Build.0 = Debug|iPhone
		{D706EEFE-6F8B-4B3C-AD92-B14305EF6AAA}.Release|iPhone.ActiveCfg = Release|iPhone
		{D706EEFE-6F8B-4B3C-AD92-B14305EF6AAA}.Release|iPhone.Build.0 = Release|iPhone
		{FD6C9532-0F3A-4C52-9E08-CD10A8D948F1}.Debug|Any CPU.ActiveCfg = Debug|Any CPU
		{FD6C9532-0F3A-4C52-9E08-CD10A8D948F1}.Debug|Any CPU.Build.0 = Debug|Any CPU
		{FD6C9532-0F3A-4C52-9E08-CD10A8D948F1}.Release|Any CPU.ActiveCfg = Release|Any CPU
		{FD6C9532-0F3A-4C52-9E08-CD10A8D948F1}.Release|Any CPU.Build.0 = Release|Any CPU
		{FD6C9532-0F3A-4C52-9E08-CD10A8D948F1}.Debug|iPhoneSimulator.ActiveCfg = Debug|Any CPU
		{FD6C9532-0F3A-4C52-9E08-CD10A8D948F1}.Debug|iPhoneSimulator.Build.0 = Debug|Any CPU
		{FD6C9532-0F3A-4C52-9E08-CD10A8D948F1}.Release|iPhoneSimulator.ActiveCfg = Release|Any CPU
		{FD6C9532-0F3A-4C52-9E08-CD10A8D948F1}.Release|iPhoneSimulator.Build.0 = Release|Any CPU
		{FD6C9532-0F3A-4C52-9E08-CD10A8D948F1}.Debug|iPhone.ActiveCfg = Debug|Any CPU
		{FD6C9532-0F3A-4C52-9E08-CD10A8D948F1}.Debug|iPhone.Build.0 = Debug|Any CPU
		{FD6C9532-0F3A-4C52-9E08-CD10A8D948F1}.Release|iPhone.ActiveCfg = Release|Any CPU
		{FD6C9532-0F3A-4C52-9E08-CD10A8D948F1}.Release|iPhone.Build.0 = Release|Any CPU
	EndGlobalSection
EndGlobal
